
Microsoft Visual Studio Solution File, Format Version 12.00
# Visual Studio Version 16
VisualStudioVersion = 16.0.30804.86
MinimumVisualStudioVersion = 10.0.40219.1
Project("{2150E333-8FDC-42A3-9474-1A3956D46DE8}") = "src", "src", "{9ED9F82F-18A7-451D-8CCE-BD3846DD5099}"
EndProject
Project("{2150E333-8FDC-42A3-9474-1A3956D46DE8}") = "test", "test", "{963BB458-F6B2-4E8F-AF10-C246572D6A61}"
EndProject
Project("{2150E333-8FDC-42A3-9474-1A3956D46DE8}") = "Solution Items", "Solution Items", "{09D89530-3105-463B-B76F-7519E39D0D1F}"
	ProjectSection(SolutionItems) = preProject
		.editorconfig = .editorconfig
		.gitignore = .gitignore
	EndProjectSection
EndProject
Project("{2150E333-8FDC-42A3-9474-1A3956D46DE8}") = "Activities", "Activities", "{B69E32CA-CCC4-41F1-A980-654767EBA792}"
EndProject
Project("{9A19103F-16F7-4668-BE54-9A1E7A4F7556}") = "Springhare.Activities", "src\Activities\Springhare.Activities\Springhare.Activities.csproj", "{B7F1F92C-950E-4037-9849-EE946117A992}"
EndProject
Project("{9A19103F-16F7-4668-BE54-9A1E7A4F7556}") = "Springhare.Activities.Abstractions", "src\Activities\Springhare.Activities.Abstractions\Springhare.Activities.Abstractions.csproj", "{208503C8-815D-4975-849C-EC3B3DC156B1}"
EndProject
Project("{9A19103F-16F7-4668-BE54-9A1E7A4F7556}") = "Springhare.Activities.TestHarness", "src\Activities\Springhare.Activities.TestHarness\Springhare.Activities.TestHarness.csproj", "{2AAC586F-3978-48E2-93DA-6D2A5347491C}"
EndProject
Project("{9A19103F-16F7-4668-BE54-9A1E7A4F7556}") = "Springhare.Activities.ErrorActivity", "src\Activities\Springhare.Activities.ErrorActivity\Springhare.Activities.ErrorActivity.csproj", "{E812E122-CB4F-480C-A6A8-DC49D0C66AA2}"
EndProject
Project("{9A19103F-16F7-4668-BE54-9A1E7A4F7556}") = "Springhare.Activities.LongRunningActivity", "src\Activities\Springhare.Activities.LongRunningActivity\Springhare.Activities.LongRunningActivity.csproj", "{63DF4E64-C2EF-4BE9-A8B6-66C2FC088706}"
EndProject
Global
	GlobalSection(SolutionConfigurationPlatforms) = preSolution
		Debug|Any CPU = Debug|Any CPU
		Release|Any CPU = Release|Any CPU
	EndGlobalSection
	GlobalSection(ProjectConfigurationPlatforms) = postSolution
		{B7F1F92C-950E-4037-9849-EE946117A992}.Debug|Any CPU.ActiveCfg = Debug|Any CPU
		{B7F1F92C-950E-4037-9849-EE946117A992}.Debug|Any CPU.Build.0 = Debug|Any CPU
		{B7F1F92C-950E-4037-9849-EE946117A992}.Release|Any CPU.ActiveCfg = Release|Any CPU
		{B7F1F92C-950E-4037-9849-EE946117A992}.Release|Any CPU.Build.0 = Release|Any CPU
		{208503C8-815D-4975-849C-EC3B3DC156B1}.Debug|Any CPU.ActiveCfg = Debug|Any CPU
		{208503C8-815D-4975-849C-EC3B3DC156B1}.Debug|Any CPU.Build.0 = Debug|Any CPU
		{208503C8-815D-4975-849C-EC3B3DC156B1}.Release|Any CPU.ActiveCfg = Release|Any CPU
		{208503C8-815D-4975-849C-EC3B3DC156B1}.Release|Any CPU.Build.0 = Release|Any CPU
		{2AAC586F-3978-48E2-93DA-6D2A5347491C}.Debug|Any CPU.ActiveCfg = Debug|Any CPU
		{2AAC586F-3978-48E2-93DA-6D2A5347491C}.Debug|Any CPU.Build.0 = Debug|Any CPU
		{2AAC586F-3978-48E2-93DA-6D2A5347491C}.Release|Any CPU.ActiveCfg = Release|Any CPU
		{2AAC586F-3978-48E2-93DA-6D2A5347491C}.Release|Any CPU.Build.0 = Release|Any CPU
		{E812E122-CB4F-480C-A6A8-DC49D0C66AA2}.Debug|Any CPU.ActiveCfg = Debug|Any CPU
		{E812E122-CB4F-480C-A6A8-DC49D0C66AA2}.Debug|Any CPU.Build.0 = Debug|Any CPU
		{E812E122-CB4F-480C-A6A8-DC49D0C66AA2}.Release|Any CPU.ActiveCfg = Release|Any CPU
		{E812E122-CB4F-480C-A6A8-DC49D0C66AA2}.Release|Any CPU.Build.0 = Release|Any CPU
		{63DF4E64-C2EF-4BE9-A8B6-66C2FC088706}.Debug|Any CPU.ActiveCfg = Debug|Any CPU
		{63DF4E64-C2EF-4BE9-A8B6-66C2FC088706}.Debug|Any CPU.Build.0 = Debug|Any CPU
		{63DF4E64-C2EF-4BE9-A8B6-66C2FC088706}.Release|Any CPU.ActiveCfg = Release|Any CPU
		{63DF4E64-C2EF-4BE9-A8B6-66C2FC088706}.Release|Any CPU.Build.0 = Release|Any CPU
	EndGlobalSection
	GlobalSection(SolutionProperties) = preSolution
		HideSolutionNode = FALSE
	EndGlobalSection
	GlobalSection(NestedProjects) = preSolution
		{B69E32CA-CCC4-41F1-A980-654767EBA792} = {9ED9F82F-18A7-451D-8CCE-BD3846DD5099}
		{B7F1F92C-950E-4037-9849-EE946117A992} = {B69E32CA-CCC4-41F1-A980-654767EBA792}
		{208503C8-815D-4975-849C-EC3B3DC156B1} = {B69E32CA-CCC4-41F1-A980-654767EBA792}
		{2AAC586F-3978-48E2-93DA-6D2A5347491C} = {B69E32CA-CCC4-41F1-A980-654767EBA792}
		{E812E122-CB4F-480C-A6A8-DC49D0C66AA2} = {B69E32CA-CCC4-41F1-A980-654767EBA792}
		{63DF4E64-C2EF-4BE9-A8B6-66C2FC088706} = {B69E32CA-CCC4-41F1-A980-654767EBA792}
	EndGlobalSection
	GlobalSection(ExtensibilityGlobals) = postSolution
		SolutionGuid = {54832969-919B-4526-B209-C8C01C8D13FB}
	EndGlobalSection
EndGlobal
